github.com/mdw-go/must v1.5.0 h1:Ql75ARui6do3Gf8DNrxUheuo42/FXZbDP3UzpQLh1aI=
github.com/mdw-go/must v1.5.0/go.mod h1:egFwsdnV884XLvyCRH1qZ922IpuuemotO7ej0zEkcyM=
github.com/mdw-go/printing v0.2.0 h1:nML6fi4TfxC8+S3u4XOE/PVtPHNthBUeeEHW9X8EWnM=
github.com/mdw-go/printing v0.2.0/go.mod h1:M6SaDMZT3Ie8Gxm1Qhlsi87ezo31qswrN2CvpjQMNdo=
github.com/mdw-go/testing v1.5.1 h1:lUcj4MM7SA29bZ6PPspaqw2PpPmb/GL/EuoEQSPzeOI=
github.com/mdw-go/testing v1.5.1/go.mod h1:PpDrOp7WpQjh7nREEh8v0d7DZDA4Y/ffLEh/ixCGLlY=
